
Microsoft Visual Studio Solution File, Format Version 11.00
# Visual Studio 2010
Project("{FAE04EC0-301F-11D3-BF4B-00C04F79EFBC}") = "NUnitExtensions", "NUnitExtensions\NUnitExtensions.csproj", "{9F4BA678-4087-4044-BC07-D0DF08B97474}"
EndProject
Project("{FAE04EC0-301F-11D3-BF4B-00C04F79EFBC}") = "NUnitExtensions.UnitTest", "NUnitExtensions.UnitTest\NUnitExtensions.UnitTest.csproj", "{02E7E20B-DA3D-436B-82AB-61DCFC4E0C84}"
EndProject
Project("{2150E333-8FDC-42A3-9474-1A3956D46DE8}") = ".nuget", ".nuget", "{505BFE31-FF1A-48DE-A8D0-9429DC31325E}"
	ProjectSection(SolutionItems) = preProject
		.nuget\NuGet.Config = .nuget\NuGet.Config
		.nuget\NuGet.exe = .nuget\NuGet.exe
		.nuget\NuGet.targets = .nuget\NuGet.targets
	EndProjectSection
EndProject
Project("{2150E333-8FDC-42A3-9474-1A3956D46DE8}") = ".build", ".build", "{2A81CCAC-0F1A-46A1-B5F7-A49C8A80A0F8}"
	ProjectSection(SolutionItems) = preProject
		Build.proj = Build.proj
		.build\MSBuild.Community.Tasks.dll = .build\MSBuild.Community.Tasks.dll
		.build\MSBuild.Community.Tasks.targets = .build\MSBuild.Community.Tasks.targets
	EndProjectSection
EndProject
Global
	GlobalSection(SolutionConfigurationPlatforms) = preSolution
		Debug|Any CPU = Debug|Any CPU
		Release|Any CPU = Release|Any CPU
	EndGlobalSection
	GlobalSection(ProjectConfigurationPlatforms) = postSolution
		{9F4BA678-4087-4044-BC07-D0DF08B97474}.Debug|Any CPU.ActiveCfg = Debug|Any CPU
		{9F4BA678-4087-4044-BC07-D0DF08B97474}.Debug|Any CPU.Build.0 = Debug|Any CPU
		{9F4BA678-4087-4044-BC07-D0DF08B97474}.Release|Any CPU.ActiveCfg = Release|Any CPU
		{9F4BA678-4087-4044-BC07-D0DF08B97474}.Release|Any CPU.Build.0 = Release|Any CPU
		{02E7E20B-DA3D-436B-82AB-61DCFC4E0C84}.Debug|Any CPU.ActiveCfg = Debug|Any CPU
		{02E7E20B-DA3D-436B-82AB-61DCFC4E0C84}.Debug|Any CPU.Build.0 = Debug|Any CPU
		{02E7E20B-DA3D-436B-82AB-61DCFC4E0C84}.Release|Any CPU.ActiveCfg = Release|Any CPU
		{02E7E20B-DA3D-436B-82AB-61DCFC4E0C84}.Release|Any CPU.Build.0 = Release|Any CPU
	EndGlobalSection
	GlobalSection(SolutionProperties) = preSolution
		HideSolutionNode = FALSE
	EndGlobalSection
EndGlobal
